
Microsoft Visual Studio Solution File, Format Version 12.00
Project("{FAE04EC0-301F-11D3-BF4B-00C04F79EFBC}") = "Question1", "Question1\Question1.csproj", "{3AAAC3D2-CC75-492E-AACE-2668C5ABEB98}"
EndProject
Project("{FAE04EC0-301F-11D3-BF4B-00C04F79EFBC}") = "Question2", "Question2\Question2.csproj", "{077FF00F-CE4E-4834-B692-78BD51FB44B3}"
EndProject
Project("{FAE04EC0-301F-11D3-BF4B-00C04F79EFBC}") = "Question3", "Question3\Question3.csproj", "{30210E17-4F8C-4650-9CD7-C3E01D0A34DF}"
EndProject
Project("{FAE04EC0-301F-11D3-BF4B-00C04F79EFBC}") = "Question4", "Question4\Question4.csproj", "{B0B20267-D641-4E93-866C-3A84A94B6788}"
EndProject
Global
	GlobalSection(SolutionConfigurationPlatforms) = preSolution
		Debug|Any CPU = Debug|Any CPU
		Release|Any CPU = Release|Any CPU
	EndGlobalSection
	GlobalSection(ProjectConfigurationPlatforms) = postSolution
		{3AAAC3D2-CC75-492E-AACE-2668C5ABEB98}.Debug|Any CPU.ActiveCfg = Debug|Any CPU
		{3AAAC3D2-CC75-492E-AACE-2668C5ABEB98}.Debug|Any CPU.Build.0 = Debug|Any CPU
		{3AAAC3D2-CC75-492E-AACE-2668C5ABEB98}.Release|Any CPU.ActiveCfg = Release|Any CPU
		{3AAAC3D2-CC75-492E-AACE-2668C5ABEB98}.Release|Any CPU.Build.0 = Release|Any CPU
		{077FF00F-CE4E-4834-B692-78BD51FB44B3}.Debug|Any CPU.ActiveCfg = Debug|Any CPU
		{077FF00F-CE4E-4834-B692-78BD51FB44B3}.Debug|Any CPU.Build.0 = Debug|Any CPU
		{077FF00F-CE4E-4834-B692-78BD51FB44B3}.Release|Any CPU.ActiveCfg = Release|Any CPU
		{077FF00F-CE4E-4834-B692-78BD51FB44B3}.Release|Any CPU.Build.0 = Release|Any CPU
		{30210E17-4F8C-4650-9CD7-C3E01D0A34DF}.Debug|Any CPU.ActiveCfg = Debug|Any CPU
		{30210E17-4F8C-4650-9CD7-C3E01D0A34DF}.Debug|Any CPU.Build.0 = Debug|Any CPU
		{30210E17-4F8C-4650-9CD7-C3E01D0A34DF}.Release|Any CPU.ActiveCfg = Release|Any CPU
		{30210E17-4F8C-4650-9CD7-C3E01D0A34DF}.Release|Any CPU.Build.0 = Release|Any CPU
		{B0B20267-D641-4E93-866C-3A84A94B6788}.Debug|Any CPU.ActiveCfg = Debug|Any CPU
		{B0B20267-D641-4E93-866C-3A84A94B6788}.Debug|Any CPU.Build.0 = Debug|Any CPU
		{B0B20267-D641-4E93-866C-3A84A94B6788}.Release|Any CPU.ActiveCfg = Release|Any CPU
		{B0B20267-D641-4E93-866C-3A84A94B6788}.Release|Any CPU.Build.0 = Release|Any CPU
	EndGlobalSection
EndGlobal
